git.thomasvoss.com/getgopt v1.0.1 h1:i2eyNe0K0MEEwsVpCFVVNKqV//WpEv54wWPyY6yKU7s=
git.thomasvoss.com/getgopt v1.0.1/go.mod h1:xGRkf4eAWU0vXcnddTN5d6MB5dbca8+G1qM2PWSmZbg=
github.com/alecthomas/chroma/v2 v2.3.1-0.20221008011915-b7c7bdbe65fb h1:HJuSWU49A24bpRH78Z+UPKlp14mEPJYmz+Wf/6LBBTQ=
github.com/alecthomas/chroma/v2 v2.3.1-0.20221008011915-b7c7bdbe65fb/go.mod h1:mZxeWZlxP2Dy+/8cBob2PYd8O2DwNAzave5AY7A2eQw=
github.com/dgrijalva/jwt-go v3.2.0+incompatible h1:7qlOGliEKZXTDg6OTjfoBKDXWrumCAMpl/TFQ4/5kLM=
github.com/dgrijalva/jwt-go v3.2.0+incompatible/go.mod h1:E3ru+11k8xSBh+hMPgOLZmtrrCbhqsmaPHjLKYnJCaQ=
github.com/dlclark/regexp2 v1.7.0 h1:7lJfhqlPssTb1WQx4yvTHN0uElPEv52sbaECrAQxjAo=
github.com/dlclark/regexp2 v1.7.0/go.mod h1:DHkYz0B9wPfa6wondMfaivmHpzrQ3v9q8cnmRbL6yW8=
